// !$*UTF8*$!
{
	archiveVersion = 1;
	classes = {
	};
	objectVersion = 51;
	objects = {

/* Begin PBXBuildFile section */
		03B09FC3262E73C700612B26 /* LeaguesViewController.swift in Sources */ = {isa = PBXBuildFile; fileRef = 03B09FC2262E73C700612B26 /* LeaguesViewController.swift */; };
		03B09FC5262E794100612B26 /* LeaguesTableViewCell.swift in Sources */ = {isa = PBXBuildFile; fileRef = 03B09FC4262E794100612B26 /* LeaguesTableViewCell.swift */; };
		03B09FC7262E8B5300612B26 /* LeaguesProtocol.swift in Sources */ = {isa = PBXBuildFile; fileRef = 03B09FC6262E8B5300612B26 /* LeaguesProtocol.swift */; };
		03B09FC9262E904300612B26 /* LeaguesPresenter.swift in Sources */ = {isa = PBXBuildFile; fileRef = 03B09FC8262E904300612B26 /* LeaguesPresenter.swift */; };
		03E774B62636E83A00F67D0C /* FavTableViewCell.swift in Sources */ = {isa = PBXBuildFile; fileRef = 03E774B52636E83A00F67D0C /* FavTableViewCell.swift */; };
		32646239C49240643960AB2B /* Pods_sport.framework in Frameworks */ = {isa = PBXBuildFile; fileRef = B5A9886DE238DDB9FA9C80E0 /* Pods_sport.framework */; };
		7F33D440263081D000B715B3 /* NetworkManager.swift in Sources */ = {isa = PBXBuildFile; fileRef = 7F33D43F263081D000B715B3 /* NetworkManager.swift */; };
		7F420FCC262F6CF200B3E4D8 /* CollectionCell.swift in Sources */ = {isa = PBXBuildFile; fileRef = 7F420FCB262F6CF200B3E4D8 /* CollectionCell.swift */; };
		7F420FCE262F6D1000B3E4D8 /* SportsProtocol.swift in Sources */ = {isa = PBXBuildFile; fileRef = 7F420FCD262F6D1000B3E4D8 /* SportsProtocol.swift */; };
		7F42BB6E262B7385008BCE37 /* AppDelegate.swift in Sources */ = {isa = PBXBuildFile; fileRef = 7F42BB6D262B7385008BCE37 /* AppDelegate.swift */; };
		7F42BB70262B7385008BCE37 /* SceneDelegate.swift in Sources */ = {isa = PBXBuildFile; fileRef = 7F42BB6F262B7385008BCE37 /* SceneDelegate.swift */; };
		7F42BB72262B7385008BCE37 /* ViewController.swift in Sources */ = {isa = PBXBuildFile; fileRef = 7F42BB71262B7385008BCE37 /* ViewController.swift */; };
		7F42BB75262B7385008BCE37 /* Main.storyboard in Resources */ = {isa = PBXBuildFile; fileRef = 7F42BB73262B7385008BCE37 /* Main.storyboard */; };
		7F42BB78262B7385008BCE37 /* sport.xcdatamodeld in Sources */ = {isa = PBXBuildFile; fileRef = 7F42BB76262B7385008BCE37 /* sport.xcdatamodeld */; };
		7F42BB7A262B738A008BCE37 /* Assets.xcassets in Resources */ = {isa = PBXBuildFile; fileRef = 7F42BB79262B738A008BCE37 /* Assets.xcassets */; };
		7F42BB7D262B738A008BCE37 /* LaunchScreen.storyboard in Resources */ = {isa = PBXBuildFile; fileRef = 7F42BB7B262B738A008BCE37 /* LaunchScreen.storyboard */; };
		7F42BB88262B738A008BCE37 /* sportTests.swift in Sources */ = {isa = PBXBuildFile; fileRef = 7F42BB87262B738A008BCE37 /* sportTests.swift */; };
		7F42BB93262B738B008BCE37 /* sportUITests.swift in Sources */ = {isa = PBXBuildFile; fileRef = 7F42BB92262B738B008BCE37 /* sportUITests.swift */; };
		7F90F26E26330C5500215AF9 /* CoreDat.swift in Sources */ = {isa = PBXBuildFile; fileRef = 7F90F26D26330C5500215AF9 /* CoreDat.swift */; };
		7F90F270263312BE00215AF9 /* Favourit.swift in Sources */ = {isa = PBXBuildFile; fileRef = 7F90F26F263312BE00215AF9 /* Favourit.swift */; };
		7F98A9E3262C584D0000FF00 /* Sports.swift in Sources */ = {isa = PBXBuildFile; fileRef = 7F98A9E2262C584D0000FF00 /* Sports.swift */; };
		7F98A9E5262C6B720000FF00 /* LeaguesArr.swift in Sources */ = {isa = PBXBuildFile; fileRef = 7F98A9E4262C6B720000FF00 /* LeaguesArr.swift */; };
		7F98A9E7262C6B9D0000FF00 /* Leagues.swift in Sources */ = {isa = PBXBuildFile; fileRef = 7F98A9E6262C6B9D0000FF00 /* Leagues.swift */; };
		7F98A9E9262C6C5F0000FF00 /* Events.swift in Sources */ = {isa = PBXBuildFile; fileRef = 7F98A9E8262C6C5F0000FF00 /* Events.swift */; };
		7F98A9EB262C6CA90000FF00 /* EventsArr.swift in Sources */ = {isa = PBXBuildFile; fileRef = 7F98A9EA262C6CA90000FF00 /* EventsArr.swift */; };
		7F98A9ED262C6D5A0000FF00 /* TeamsArr.swift in Sources */ = {isa = PBXBuildFile; fileRef = 7F98A9EC262C6D5A0000FF00 /* TeamsArr.swift */; };
		7F98A9EF262C6D860000FF00 /* Teams.swift in Sources */ = {isa = PBXBuildFile; fileRef = 7F98A9EE262C6D860000FF00 /* Teams.swift */; };
		7F98A9F1262C6E420000FF00 /* SportsArr.swift in Sources */ = {isa = PBXBuildFile; fileRef = 7F98A9F0262C6E420000FF00 /* SportsArr.swift */; };
		7F98A9F3262C6F460000FF00 /* ResultsArr.swift in Sources */ = {isa = PBXBuildFile; fileRef = 7F98A9F2262C6F460000FF00 /* ResultsArr.swift */; };
		7F98A9F5262C6F7D0000FF00 /* Results.swift in Sources */ = {isa = PBXBuildFile; fileRef = 7F98A9F4262C6F7D0000FF00 /* Results.swift */; };
		7F98A9F7262C724C0000FF00 /* FavViewController.swift in Sources */ = {isa = PBXBuildFile; fileRef = 7F98A9F6262C724C0000FF00 /* FavViewController.swift */; };
		7FBFE4A4262CDA78009825A3 /* SportPresenter.swift in Sources */ = {isa = PBXBuildFile; fileRef = 7FBFE4A3262CDA78009825A3 /* SportPresenter.swift */; };
		7FBFE4A8262CF085009825A3 /* countrys.swift in Sources */ = {isa = PBXBuildFile; fileRef = 7FBFE4A7262CF085009825A3 /* countrys.swift */; };
		7FBFE4AA262CF0DF009825A3 /* CountrysArr.swift in Sources */ = {isa = PBXBuildFile; fileRef = 7FBFE4A9262CF0DF009825A3 /* CountrysArr.swift */; };
		7FBFE4AC262D0F61009825A3 /* LeaguesDetialsVC.swift in Sources */ = {isa = PBXBuildFile; fileRef = 7FBFE4AB262D0F61009825A3 /* LeaguesDetialsVC.swift */; };
		7FBFE4AE262D1565009825A3 /* TeamCell.swift in Sources */ = {isa = PBXBuildFile; fileRef = 7FBFE4AD262D1565009825A3 /* TeamCell.swift */; };
		7FBFE4B0262D1585009825A3 /* ResultCell.swift in Sources */ = {isa = PBXBuildFile; fileRef = 7FBFE4AF262D1585009825A3 /* ResultCell.swift */; };
		7FBFE4B2262D159C009825A3 /* EventCell.swift in Sources */ = {isa = PBXBuildFile; fileRef = 7FBFE4B1262D159C009825A3 /* EventCell.swift */; };
		7FBFE4B4262D8867009825A3 /* DetialsPresenter.swift in Sources */ = {isa = PBXBuildFile; fileRef = 7FBFE4B3262D8867009825A3 /* DetialsPresenter.swift */; };
		7FBFE4B6262D888C009825A3 /* DetialsProtocol.swift in Sources */ = {isa = PBXBuildFile; fileRef = 7FBFE4B5262D888C009825A3 /* DetialsProtocol.swift */; };
		7FBFE4B8262DB933009825A3 /* TeamDetialsVC.swift in Sources */ = {isa = PBXBuildFile; fileRef = 7FBFE4B7262DB932009825A3 /* TeamDetialsVC.swift */; };
		7FBFE4BA262DD6F0009825A3 /* TeamDetilaPresenter.swift in Sources */ = {isa = PBXBuildFile; fileRef = 7FBFE4B9262DD6F0009825A3 /* TeamDetilaPresenter.swift */; };
		7FBFE4BE262DD798009825A3 /* TeamDetialProtocol.swift in Sources */ = {isa = PBXBuildFile; fileRef = 7FBFE4BD262DD798009825A3 /* TeamDetialProtocol.swift */; };
/* End PBXBuildFile section */

/* Begin PBXContainerItemProxy section */
		7F42BB84262B738A008BCE37 /* PBXContainerItemProxy */ = {
			isa = PBXContainerItemProxy;
			containerPortal = 7F42BB62262B7384008BCE37 /* Project object */;
			proxyType = 1;
			remoteGlobalIDString = 7F42BB69262B7384008BCE37;
			remoteInfo = sport;
		};
		7F42BB8F262B738B008BCE37 /* PBXContainerItemProxy */ = {
			isa = PBXContainerItemProxy;
			containerPortal = 7F42BB62262B7384008BCE37 /* Project object */;
			proxyType = 1;
			remoteGlobalIDString = 7F42BB69262B7384008BCE37;
			remoteInfo = sport;
		};
/* End PBXContainerItemProxy section */

/* Begin PBXFileReference section */
		03B09FC2262E73C700612B26 /* LeaguesViewController.swift */ = {isa = PBXFileReference; lastKnownFileType = sourcecode.swift; path = LeaguesViewController.swift; sourceTree = "<group>"; };
		03B09FC4262E794100612B26 /* LeaguesTableViewCell.swift */ = {isa = PBXFileReference; lastKnownFileType = sourcecode.swift; path = LeaguesTableViewCell.swift; sourceTree = "<group>"; };
		03B09FC6262E8B5300612B26 /* LeaguesProtocol.swift */ = {isa = PBXFileReference; lastKnownFileType = sourcecode.swift; path = LeaguesProtocol.swift; sourceTree = "<group>"; };
		03B09FC8262E904300612B26 /* LeaguesPresenter.swift */ = {isa = PBXFileReference; lastKnownFileType = sourcecode.swift; path = LeaguesPresenter.swift; sourceTree = "<group>"; };
		03E774B52636E83A00F67D0C /* FavTableViewCell.swift */ = {isa = PBXFileReference; lastKnownFileType = sourcecode.swift; path = FavTableViewCell.swift; sourceTree = "<group>"; };
		7F33D43F263081D000B715B3 /* NetworkManager.swift */ = {isa = PBXFileReference; lastKnownFileType = sourcecode.swift; path = NetworkManager.swift; sourceTree = "<group>"; };
		7F420FCB262F6CF200B3E4D8 /* CollectionCell.swift */ = {isa = PBXFileReference; lastKnownFileType = sourcecode.swift; path = CollectionCell.swift; sourceTree = "<group>"; };
		7F420FCD262F6D1000B3E4D8 /* SportsProtocol.swift */ = {isa = PBXFileReference; fileEncoding = 4; lastKnownFileType = sourcecode.swift; path = SportsProtocol.swift; sourceTree = "<group>"; };
		7F42BB6A262B7384008BCE37 /* sport.app */ = {isa = PBXFileReference; explicitFileType = wrapper.application; includeInIndex = 0; path = sport.app; sourceTree = BUILT_PRODUCTS_DIR; };
		7F42BB6D262B7385008BCE37 /* AppDelegate.swift */ = {isa = PBXFileReference; lastKnownFileType = sourcecode.swift; path = AppDelegate.swift; sourceTree = "<group>"; };
		7F42BB6F262B7385008BCE37 /* SceneDelegate.swift */ = {isa = PBXFileReference; lastKnownFileType = sourcecode.swift; path = SceneDelegate.swift; sourceTree = "<group>"; };
		7F42BB71262B7385008BCE37 /* ViewController.swift */ = {isa = PBXFileReference; lastKnownFileType = sourcecode.swift; path = ViewController.swift; sourceTree = "<group>"; };
		7F42BB74262B7385008BCE37 /* Base */ = {isa = PBXFileReference; lastKnownFileType = file.storyboard; name = Base; path = Base.lproj/Main.storyboard; sourceTree = "<group>"; };
		7F42BB77262B7385008BCE37 /* sport.xcdatamodel */ = {isa = PBXFileReference; lastKnownFileType = wrapper.xcdatamodel; path = sport.xcdatamodel; sourceTree = "<group>"; };
		7F42BB79262B738A008BCE37 /* Assets.xcassets */ = {isa = PBXFileReference; lastKnownFileType = folder.assetcatalog; path = Assets.xcassets; sourceTree = "<group>"; };
		7F42BB7C262B738A008BCE37 /* Base */ = {isa = PBXFileReference; lastKnownFileType = file.storyboard; name = Base; path = Base.lproj/LaunchScreen.storyboard; sourceTree = "<group>"; };
		7F42BB7E262B738A008BCE37 /* Info.plist */ = {isa = PBXFileReference; lastKnownFileType = text.plist.xml; path = Info.plist; sourceTree = "<group>"; };
		7F42BB83262B738A008BCE37 /* sportTests.xctest */ = {isa = PBXFileReference; explicitFileType = wrapper.cfbundle; includeInIndex = 0; path = sportTests.xctest; sourceTree = BUILT_PRODUCTS_DIR; };
		7F42BB87262B738A008BCE37 /* sportTests.swift */ = {isa = PBXFileReference; lastKnownFileType = sourcecode.swift; path = sportTests.swift; sourceTree = "<group>"; };
		7F42BB89262B738A008BCE37 /* Info.plist */ = {isa = PBXFileReference; lastKnownFileType = text.plist.xml; path = Info.plist; sourceTree = "<group>"; };
		7F42BB8E262B738B008BCE37 /* sportUITests.xctest */ = {isa = PBXFileReference; explicitFileType = wrapper.cfbundle; includeInIndex = 0; path = sportUITests.xctest; sourceTree = BUILT_PRODUCTS_DIR; };
		7F42BB92262B738B008BCE37 /* sportUITests.swift */ = {isa = PBXFileReference; lastKnownFileType = sourcecode.swift; path = sportUITests.swift; sourceTree = "<group>"; };
		7F42BB94262B738B008BCE37 /* Info.plist */ = {isa = PBXFileReference; lastKnownFileType = text.plist.xml; path = Info.plist; sourceTree = "<group>"; };
		7F90F26D26330C5500215AF9 /* CoreDat.swift */ = {isa = PBXFileReference; lastKnownFileType = sourcecode.swift; path = CoreDat.swift; sourceTree = "<group>"; };
		7F90F26F263312BE00215AF9 /* Favourit.swift */ = {isa = PBXFileReference; lastKnownFileType = sourcecode.swift; path = Favourit.swift; sourceTree = "<group>"; };
		7F98A9E2262C584D0000FF00 /* Sports.swift */ = {isa = PBXFileReference; lastKnownFileType = sourcecode.swift; path = Sports.swift; sourceTree = "<group>"; };
		7F98A9E4262C6B720000FF00 /* LeaguesArr.swift */ = {isa = PBXFileReference; lastKnownFileType = sourcecode.swift; path = LeaguesArr.swift; sourceTree = "<group>"; };
		7F98A9E6262C6B9D0000FF00 /* Leagues.swift */ = {isa = PBXFileReference; lastKnownFileType = sourcecode.swift; path = Leagues.swift; sourceTree = "<group>"; };
		7F98A9E8262C6C5F0000FF00 /* Events.swift */ = {isa = PBXFileReference; lastKnownFileType = sourcecode.swift; path = Events.swift; sourceTree = "<group>"; };
		7F98A9EA262C6CA90000FF00 /* EventsArr.swift */ = {isa = PBXFileReference; lastKnownFileType = sourcecode.swift; path = EventsArr.swift; sourceTree = "<group>"; };
		7F98A9EC262C6D5A0000FF00 /* TeamsArr.swift */ = {isa = PBXFileReference; lastKnownFileType = sourcecode.swift; path = TeamsArr.swift; sourceTree = "<group>"; };
		7F98A9EE262C6D860000FF00 /* Teams.swift */ = {isa = PBXFileReference; lastKnownFileType = sourcecode.swift; path = Teams.swift; sourceTree = "<group>"; };
		7F98A9F0262C6E420000FF00 /* SportsArr.swift */ = {isa = PBXFileReference; lastKnownFileType = sourcecode.swift; path = SportsArr.swift; sourceTree = "<group>"; };
		7F98A9F2262C6F460000FF00 /* ResultsArr.swift */ = {isa = PBXFileReference; lastKnownFileType = sourcecode.swift; path = ResultsArr.swift; sourceTree = "<group>"; };
		7F98A9F4262C6F7D0000FF00 /* Results.swift */ = {isa = PBXFileReference; lastKnownFileType = sourcecode.swift; path = Results.swift; sourceTree = "<group>"; };
		7F98A9F6262C724C0000FF00 /* FavViewController.swift */ = {isa = PBXFileReference; lastKnownFileType = sourcecode.swift; path = FavViewController.swift; sourceTree = "<group>"; };
		7FBFE4A3262CDA78009825A3 /* SportPresenter.swift */ = {isa = PBXFileReference; lastKnownFileType = sourcecode.swift; path = SportPresenter.swift; sourceTree = "<group>"; };
		7FBFE4A7262CF085009825A3 /* countrys.swift */ = {isa = PBXFileReference; lastKnownFileType = sourcecode.swift; path = countrys.swift; sourceTree = "<group>"; };
		7FBFE4A9262CF0DF009825A3 /* CountrysArr.swift */ = {isa = PBXFileReference; lastKnownFileType = sourcecode.swift; path = CountrysArr.swift; sourceTree = "<group>"; };
		7FBFE4AB262D0F61009825A3 /* LeaguesDetialsVC.swift */ = {isa = PBXFileReference; lastKnownFileType = sourcecode.swift; path = LeaguesDetialsVC.swift; sourceTree = "<group>"; };
		7FBFE4AD262D1565009825A3 /* TeamCell.swift */ = {isa = PBXFileReference; lastKnownFileType = sourcecode.swift; path = TeamCell.swift; sourceTree = "<group>"; };
		7FBFE4AF262D1585009825A3 /* ResultCell.swift */ = {isa = PBXFileReference; lastKnownFileType = sourcecode.swift; path = ResultCell.swift; sourceTree = "<group>"; };
		7FBFE4B1262D159C009825A3 /* EventCell.swift */ = {isa = PBXFileReference; lastKnownFileType = sourcecode.swift; path = EventCell.swift; sourceTree = "<group>"; };
		7FBFE4B3262D8867009825A3 /* DetialsPresenter.swift */ = {isa = PBXFileReference; lastKnownFileType = sourcecode.swift; path = DetialsPresenter.swift; sourceTree = "<group>"; };
		7FBFE4B5262D888C009825A3 /* DetialsProtocol.swift */ = {isa = PBXFileReference; lastKnownFileType = sourcecode.swift; path = DetialsProtocol.swift; sourceTree = "<group>"; };
		7FBFE4B7262DB932009825A3 /* TeamDetialsVC.swift */ = {isa = PBXFileReference; lastKnownFileType = sourcecode.swift; path = TeamDetialsVC.swift; sourceTree = "<group>"; };
		7FBFE4B9262DD6F0009825A3 /* TeamDetilaPresenter.swift */ = {isa = PBXFileReference; lastKnownFileType = sourcecode.swift; path = TeamDetilaPresenter.swift; sourceTree = "<group>"; };
		7FBFE4BD262DD798009825A3 /* TeamDetialProtocol.swift */ = {isa = PBXFileReference; lastKnownFileType = sourcecode.swift; path = TeamDetialProtocol.swift; sourceTree = "<group>"; };
		9144F9D2D263662E23013070 /* Pods-sport.debug.xcconfig */ = {isa = PBXFileReference; includeInIndex = 1; lastKnownFileType = text.xcconfig; name = "Pods-sport.debug.xcconfig"; path = "Target Support Files/Pods-sport/Pods-sport.debug.xcconfig"; sourceTree = "<group>"; };
		9DBE8E3277025C00D367B0C4 /* Pods-sport.release.xcconfig */ = {isa = PBXFileReference; includeInIndex = 1; lastKnownFileType = text.xcconfig; name = "Pods-sport.release.xcconfig"; path = "Target Support Files/Pods-sport/Pods-sport.release.xcconfig"; sourceTree = "<group>"; };
		B5A9886DE238DDB9FA9C80E0 /* Pods_sport.framework */ = {isa = PBXFileReference; explicitFileType = wrapper.framework; includeInIndex = 0; path = Pods_sport.framework; sourceTree = BUILT_PRODUCTS_DIR; };
/* End PBXFileReference section */

/* Begin PBXFrameworksBuildPhase section */
		7F42BB67262B7384008BCE37 /* Frameworks */ = {
			isa = PBXFrameworksBuildPhase;
			buildActionMask = 2147483647;
			files = (
				32646239C49240643960AB2B /* Pods_sport.framework in Frameworks */,
			);
			runOnlyForDeploymentPostprocessing = 0;
		};
		7F42BB80262B738A008BCE37 /* Frameworks */ = {
			isa = PBXFrameworksBuildPhase;
			buildActionMask = 2147483647;
			files = (
			);
			runOnlyForDeploymentPostprocessing = 0;
		};
		7F42BB8B262B738B008BCE37 /* Frameworks */ = {
			isa = PBXFrameworksBuildPhase;
			buildActionMask = 2147483647;
			files = (
			);
			runOnlyForDeploymentPostprocessing = 0;
		};
/* End PBXFrameworksBuildPhase section */

/* Begin PBXGroup section */
		0FED3B011949C4A934F6C2F8 /* Frameworks */ = {
			isa = PBXGroup;
			children = (
				B5A9886DE238DDB9FA9C80E0 /* Pods_sport.framework */,
			);
			name = Frameworks;
			sourceTree = "<group>";
		};
		7F42BB61262B7384008BCE37 = {
			isa = PBXGroup;
			children = (
				7F42BB6C262B7384008BCE37 /* sport */,
				7F42BB86262B738A008BCE37 /* sportTests */,
				7F42BB91262B738B008BCE37 /* sportUITests */,
				7F42BB6B262B7384008BCE37 /* Products */,
				DB63C57C18FD546161F9F5FE /* Pods */,
				0FED3B011949C4A934F6C2F8 /* Frameworks */,
			);
			sourceTree = "<group>";
		};
		7F42BB6B262B7384008BCE37 /* Products */ = {
			isa = PBXGroup;
			children = (
				7F42BB6A262B7384008BCE37 /* sport.app */,
				7F42BB83262B738A008BCE37 /* sportTests.xctest */,
				7F42BB8E262B738B008BCE37 /* sportUITests.xctest */,
			);
			name = Products;
			sourceTree = "<group>";
		};
		7F42BB6C262B7384008BCE37 /* sport */ = {
			isa = PBXGroup;
			children = (
				7FBFE4A2262CD68C009825A3 /* view */,
				7FBFE4A1262CD680009825A3 /* presenter */,
				7F98A9E1262C581A0000FF00 /* models */,
				7F90F271263325FC00215AF9 /* service */,
				7F42BB6D262B7385008BCE37 /* AppDelegate.swift */,
				7F42BB6F262B7385008BCE37 /* SceneDelegate.swift */,
				7F42BB73262B7385008BCE37 /* Main.storyboard */,
				7F42BB79262B738A008BCE37 /* Assets.xcassets */,
				7F42BB7B262B738A008BCE37 /* LaunchScreen.storyboard */,
				7F42BB7E262B738A008BCE37 /* Info.plist */,
				7F42BB76262B7385008BCE37 /* sport.xcdatamodeld */,
			);
			path = sport;
			sourceTree = "<group>";
		};
		7F42BB86262B738A008BCE37 /* sportTests */ = {
			isa = PBXGroup;
			children = (
				7F42BB87262B738A008BCE37 /* sportTests.swift */,
				7F42BB89262B738A008BCE37 /* Info.plist */,
			);
			path = sportTests;
			sourceTree = "<group>";
		};
		7F42BB91262B738B008BCE37 /* sportUITests */ = {
			isa = PBXGroup;
			children = (
				7F42BB92262B738B008BCE37 /* sportUITests.swift */,
				7F42BB94262B738B008BCE37 /* Info.plist */,
			);
			path = sportUITests;
			sourceTree = "<group>";
		};
		7F90F271263325FC00215AF9 /* service */ = {
			isa = PBXGroup;
			children = (
				7F33D43F263081D000B715B3 /* NetworkManager.swift */,
				7F90F26D26330C5500215AF9 /* CoreDat.swift */,
			);
			path = service;
			sourceTree = "<group>";
		};
		7F98A9E1262C581A0000FF00 /* models */ = {
			isa = PBXGroup;
			children = (
				7F98A9E2262C584D0000FF00 /* Sports.swift */,
				7F98A9F0262C6E420000FF00 /* SportsArr.swift */,
				7F98A9E6262C6B9D0000FF00 /* Leagues.swift */,
				7F98A9E4262C6B720000FF00 /* LeaguesArr.swift */,
				7F98A9E8262C6C5F0000FF00 /* Events.swift */,
				7F98A9EA262C6CA90000FF00 /* EventsArr.swift */,
				7F98A9EE262C6D860000FF00 /* Teams.swift */,
				7F98A9EC262C6D5A0000FF00 /* TeamsArr.swift */,
				7F98A9F4262C6F7D0000FF00 /* Results.swift */,
				7F98A9F2262C6F460000FF00 /* ResultsArr.swift */,
				7FBFE4A7262CF085009825A3 /* countrys.swift */,
				7FBFE4A9262CF0DF009825A3 /* CountrysArr.swift */,
				7F90F26F263312BE00215AF9 /* Favourit.swift */,
			);
			path = models;
			sourceTree = "<group>";
		};
		7FBFE4A1262CD680009825A3 /* presenter */ = {
			isa = PBXGroup;
			children = (
				7FBFE4A3262CDA78009825A3 /* SportPresenter.swift */,
				7FBFE4B3262D8867009825A3 /* DetialsPresenter.swift */,
				7FBFE4B9262DD6F0009825A3 /* TeamDetilaPresenter.swift */,
				03B09FC8262E904300612B26 /* LeaguesPresenter.swift */,
			);
			path = presenter;
			sourceTree = "<group>";
		};
		7FBFE4A2262CD68C009825A3 /* view */ = {
			isa = PBXGroup;
			children = (
				7FBFE4BC262DD755009825A3 /* cells */,
				7FBFE4BB262DD72A009825A3 /* protocols */,
				7F42BB71262B7385008BCE37 /* ViewController.swift */,
				03B09FC2262E73C700612B26 /* LeaguesViewController.swift */,
				7F98A9F6262C724C0000FF00 /* FavViewController.swift */,
				7FBFE4AB262D0F61009825A3 /* LeaguesDetialsVC.swift */,
				7FBFE4B7262DB932009825A3 /* TeamDetialsVC.swift */,
			);
			path = view;
			sourceTree = "<group>";
		};
		7FBFE4BB262DD72A009825A3 /* protocols */ = {
			isa = PBXGroup;
			children = (
				03B09FC6262E8B5300612B26 /* LeaguesProtocol.swift */,
				7F420FCD262F6D1000B3E4D8 /* SportsProtocol.swift */,
				7FBFE4B5262D888C009825A3 /* DetialsProtocol.swift */,
				7FBFE4BD262DD798009825A3 /* TeamDetialProtocol.swift */,
			);
			path = protocols;
			sourceTree = "<group>";
		};
		7FBFE4BC262DD755009825A3 /* cells */ = {
			isa = PBXGroup;
			children = (
				7F420FCB262F6CF200B3E4D8 /* CollectionCell.swift */,
				7FBFE4B1262D159C009825A3 /* EventCell.swift */,
				7FBFE4AF262D1585009825A3 /* ResultCell.swift */,
				7FBFE4AD262D1565009825A3 /* TeamCell.swift */,
				03B09FC4262E794100612B26 /* LeaguesTableViewCell.swift */,
				03E774B52636E83A00F67D0C /* FavTableViewCell.swift */,
			);
			path = cells;
			sourceTree = "<group>";
		};
		DB63C57C18FD546161F9F5FE /* Pods */ = {
			isa = PBXGroup;
			children = (
				9144F9D2D263662E23013070 /* Pods-sport.debug.xcconfig */,
				9DBE8E3277025C00D367B0C4 /* Pods-sport.release.xcconfig */,
			);
			path = Pods;
			sourceTree = "<group>";
		};
/* End PBXGroup section */

/* Begin PBXNativeTarget section */
		7F42BB69262B7384008BCE37 /* sport */ = {
			isa = PBXNativeTarget;
			buildConfigurationList = 7F42BB97262B738B008BCE37 /* Build configuration list for PBXNativeTarget "sport" */;
			buildPhases = (
				F7451186C36F6A67B0F18EBF /* [CP] Check Pods Manifest.lock */,
				7F42BB66262B7384008BCE37 /* Sources */,
				7F42BB67262B7384008BCE37 /* Frameworks */,
				7F42BB68262B7384008BCE37 /* Resources */,
				1552EB5E3A86956395915FD2 /* [CP] Embed Pods Frameworks */,
			);
			buildRules = (
			);
			dependencies = (
			);
			name = sport;
			productName = sport;
			productReference = 7F42BB6A262B7384008BCE37 /* sport.app */;
			productType = "com.apple.product-type.application";
		};
		7F42BB82262B738A008BCE37 /* sportTests */ = {
			isa = PBXNativeTarget;
			buildConfigurationList = 7F42BB9A262B738B008BCE37 /* Build configuration list for PBXNativeTarget "sportTests" */;
			buildPhases = (
				7F42BB7F262B738A008BCE37 /* Sources */,
				7F42BB80262B738A008BCE37 /* Frameworks */,
				7F42BB81262B738A008BCE37 /* Resources */,
			);
			buildRules = (
			);
			dependencies = (
				7F42BB85262B738A008BCE37 /* PBXTargetDependency */,
			);
			name = sportTests;
			productName = sportTests;
			productReference = 7F42BB83262B738A008BCE37 /* sportTests.xctest */;
			productType = "com.apple.product-type.bundle.unit-test";
		};
		7F42BB8D262B738B008BCE37 /* sportUITests */ = {
			isa = PBXNativeTarget;
			buildConfigurationList = 7F42BB9D262B738B008BCE37 /* Build configuration list for PBXNativeTarget "sportUITests" */;
			buildPhases = (
				7F42BB8A262B738B008BCE37 /* Sources */,
				7F42BB8B262B738B008BCE37 /* Frameworks */,
				7F42BB8C262B738B008BCE37 /* Resources */,
			);
			buildRules = (
			);
			dependencies = (
				7F42BB90262B738B008BCE37 /* PBXTargetDependency */,
			);
			name = sportUITests;
			productName = sportUITests;
			productReference = 7F42BB8E262B738B008BCE37 /* sportUITests.xctest */;
			productType = "com.apple.product-type.bundle.ui-testing";
		};
/* End PBXNativeTarget section */

/* Begin PBXProject section */
		7F42BB62262B7384008BCE37 /* Project object */ = {
			isa = PBXProject;
			attributes = {
				LastSwiftUpdateCheck = 1140;
				LastUpgradeCheck = 1140;
				ORGANIZATIONNAME = "mosatafa abdalla";
				TargetAttributes = {
					7F42BB69262B7384008BCE37 = {
						CreatedOnToolsVersion = 11.4;
					};
					7F42BB82262B738A008BCE37 = {
						CreatedOnToolsVersion = 11.4;
						TestTargetID = 7F42BB69262B7384008BCE37;
					};
					7F42BB8D262B738B008BCE37 = {
						CreatedOnToolsVersion = 11.4;
						TestTargetID = 7F42BB69262B7384008BCE37;
					};
				};
			};
			buildConfigurationList = 7F42BB65262B7384008BCE37 /* Build configuration list for PBXProject "sport" */;
			compatibilityVersion = "Xcode 9.3";
			developmentRegion = en;
			hasScannedForEncodings = 0;
			knownRegions = (
				en,
				Base,
			);
			mainGroup = 7F42BB61262B7384008BCE37;
			productRefGroup = 7F42BB6B262B7384008BCE37 /* Products */;
			projectDirPath = "";
			projectRoot = "";
			targets = (
				7F42BB69262B7384008BCE37 /* sport */,
				7F42BB82262B738A008BCE37 /* sportTests */,
				7F42BB8D262B738B008BCE37 /* sportUITests */,
			);
		};
/* End PBXProject section */

/* Begin PBXResourcesBuildPhase section */
		7F42BB68262B7384008BCE37 /* Resources */ = {
			isa = PBXResourcesBuildPhase;
			buildActionMask = 2147483647;
			files = (
				7F42BB7D262B738A008BCE37 /* LaunchScreen.storyboard in Resources */,
				7F42BB7A262B738A008BCE37 /* Assets.xcassets in Resources */,
				7F42BB75262B7385008BCE37 /* Main.storyboard in Resources */,
			);
			runOnlyForDeploymentPostprocessing = 0;
		};
		7F42BB81262B738A008BCE37 /* Resources */ = {
			isa = PBXResourcesBuildPhase;
			buildActionMask = 2147483647;
			files = (
			);
			runOnlyForDeploymentPostprocessing = 0;
		};
		7F42BB8C262B738B008BCE37 /* Resources */ = {
			isa = PBXResourcesBuildPhase;
			buildActionMask = 2147483647;
			files = (
			);
			runOnlyForDeploymentPostprocessing = 0;
		};
/* End PBXResourcesBuildPhase section */

/* Begin PBXShellScriptBuildPhase section */
		1552EB5E3A86956395915FD2 /* [CP] Embed Pods Frameworks */ = {
			isa = PBXShellScriptBuildPhase;
			buildActionMask = 2147483647;
			files = (
			);
			inputFileListPaths = (
				"${PODS_ROOT}/Target Support Files/Pods-sport/Pods-sport-frameworks-${CONFIGURATION}-input-files.xcfilelist",
			);
			name = "[CP] Embed Pods Frameworks";
			outputFileListPaths = (
				"${PODS_ROOT}/Target Support Files/Pods-sport/Pods-sport-frameworks-${CONFIGURATION}-output-files.xcfilelist",
			);
			runOnlyForDeploymentPostprocessing = 0;
			shellPath = /bin/sh;
			shellScript = "\"${PODS_ROOT}/Target Support Files/Pods-sport/Pods-sport-frameworks.sh\"\n";
			showEnvVarsInLog = 0;
		};
		F7451186C36F6A67B0F18EBF /* [CP] Check Pods Manifest.lock */ = {
			isa = PBXShellScriptBuildPhase;
			buildActionMask = 2147483647;
			files = (
			);
			inputFileListPaths = (
			);
			inputPaths = (
				"${PODS_PODFILE_DIR_PATH}/Podfile.lock",
				"${PODS_ROOT}/Manifest.lock",
			);
			name = "[CP] Check Pods Manifest.lock";
			outputFileListPaths = (
			);
			outputPaths = (
				"$(DERIVED_FILE_DIR)/Pods-sport-checkManifestLockResult.txt",
			);
			runOnlyForDeploymentPostprocessing = 0;
			shellPath = /bin/sh;
			shellScript = "diff \"${PODS_PODFILE_DIR_PATH}/Podfile.lock\" \"${PODS_ROOT}/Manifest.lock\" > /dev/null\nif [ $? != 0 ] ; then\n    # print error to STDERR\n    echo \"error: The sandbox is not in sync with the Podfile.lock. Run 'pod install' or update your CocoaPods installation.\" >&2\n    exit 1\nfi\n# This output is used by Xcode 'outputs' to avoid re-running this script phase.\necho \"SUCCESS\" > \"${SCRIPT_OUTPUT_FILE_0}\"\n";
			showEnvVarsInLog = 0;
		};
/* End PBXShellScriptBuildPhase section */

/* Begin PBXSourcesBuildPhase section */
		7F42BB66262B7384008BCE37 /* Sources */ = {
			isa = PBXSourcesBuildPhase;
			buildActionMask = 2147483647;
			files = (
				7F42BB72262B7385008BCE37 /* ViewController.swift in Sources */,
				7F98A9E3262C584D0000FF00 /* Sports.swift in Sources */,
				7FBFE4BA262DD6F0009825A3 /* TeamDetilaPresenter.swift in Sources */,
				7F98A9ED262C6D5A0000FF00 /* TeamsArr.swift in Sources */,
				7F420FCE262F6D1000B3E4D8 /* SportsProtocol.swift in Sources */,
				7FBFE4AC262D0F61009825A3 /* LeaguesDetialsVC.swift in Sources */,
				7FBFE4B2262D159C009825A3 /* EventCell.swift in Sources */,
				7FBFE4BE262DD798009825A3 /* TeamDetialProtocol.swift in Sources */,
				7FBFE4AE262D1565009825A3 /* TeamCell.swift in Sources */,
				03B09FC3262E73C700612B26 /* LeaguesViewController.swift in Sources */,
				7F33D440263081D000B715B3 /* NetworkManager.swift in Sources */,
				7F98A9F7262C724C0000FF00 /* FavViewController.swift in Sources */,
				7FBFE4AA262CF0DF009825A3 /* CountrysArr.swift in Sources */,
				7F420FCC262F6CF200B3E4D8 /* CollectionCell.swift in Sources */,
				7F90F26E26330C5500215AF9 /* CoreDat.swift in Sources */,
				03B09FC5262E794100612B26 /* LeaguesTableViewCell.swift in Sources */,
				7F42BB6E262B7385008BCE37 /* AppDelegate.swift in Sources */,
				7FBFE4A8262CF085009825A3 /* countrys.swift in Sources */,
				7F98A9E7262C6B9D0000FF00 /* Leagues.swift in Sources */,
				7FBFE4B0262D1585009825A3 /* ResultCell.swift in Sources */,
				03E774B62636E83A00F67D0C /* FavTableViewCell.swift in Sources */,
				7F98A9EF262C6D860000FF00 /* Teams.swift in Sources */,
				7FBFE4B6262D888C009825A3 /* DetialsProtocol.swift in Sources */,
				7F98A9EB262C6CA90000FF00 /* EventsArr.swift in Sources */,
				7F98A9E9262C6C5F0000FF00 /* Events.swift in Sources */,
				7F42BB78262B7385008BCE37 /* sport.xcdatamodeld in Sources */,
				7F98A9F3262C6F460000FF00 /* ResultsArr.swift in Sources */,
				7F98A9F5262C6F7D0000FF00 /* Results.swift in Sources */,
				7FBFE4B4262D8867009825A3 /* DetialsPresenter.swift in Sources */,
				7FBFE4B8262DB933009825A3 /* TeamDetialsVC.swift in Sources */,
				7F98A9E5262C6B720000FF00 /* LeaguesArr.swift in Sources */,
				7F98A9F1262C6E420000FF00 /* SportsArr.swift in Sources */,
				03B09FC7262E8B5300612B26 /* LeaguesProtocol.swift in Sources */,
				7FBFE4A4262CDA78009825A3 /* SportPresenter.swift in Sources */,
				7F90F270263312BE00215AF9 /* Favourit.swift in Sources */,
				7F42BB70262B7385008BCE37 /* SceneDelegate.swift in Sources */,
				03B09FC9262E904300612B26 /* LeaguesPresenter.swift in Sources */,
			);
			runOnlyForDeploymentPostprocessing = 0;
		};
		7F42BB7F262B738A008BCE37 /* Sources */ = {
			isa = PBXSourcesBuildPhase;
			buildActionMask = 2147483647;
			files = (
				7F42BB88262B738A008BCE37 /* sportTests.swift in Sources */,
			);
			runOnlyForDeploymentPostprocessing = 0;
		};
		7F42BB8A262B738B008BCE37 /* Sources */ = {
			isa = PBXSourcesBuildPhase;
			buildActionMask = 2147483647;
			files = (
				7F42BB93262B738B008BCE37 /* sportUITests.swift in Sources */,
			);
			runOnlyForDeploymentPostprocessing = 0;
		};
/* End PBXSourcesBuildPhase section */

/* Begin PBXTargetDependency section */
		7F42BB85262B738A008BCE37 /* PBXTargetDependency */ = {
			isa = PBXTargetDependency;
			target = 7F42BB69262B7384008BCE37 /* sport */;
			targetProxy = 7F42BB84262B738A008BCE37 /* PBXContainerItemProxy */;
		};
		7F42BB90262B738B008BCE37 /* PBXTargetDependency */ = {
			isa = PBXTargetDependency;
			target = 7F42BB69262B7384008BCE37 /* sport */;
			targetProxy = 7F42BB8F262B738B008BCE37 /* PBXContainerItemProxy */;
		};
/* End PBXTargetDependency section */

/* Begin PBXVariantGroup section */
		7F42BB73262B7385008BCE37 /* Main.storyboard */ = {
			isa = PBXVariantGroup;
			children = (
				7F42BB74262B7385008BCE37 /* Base */,
			);
			name = Main.storyboard;
			sourceTree = "<group>";
		};
		7F42BB7B262B738A008BCE37 /* LaunchScreen.storyboard */ = {
			isa = PBXVariantGroup;
			children = (
				7F42BB7C262B738A008BCE37 /* Base */,
			);
			name = LaunchScreen.storyboard;
			sourceTree = "<group>";
		};
/* End PBXVariantGroup section */

/* Begin XCBuildConfiguration section */
		7F42BB95262B738B008BCE37 /* Debug */ = {
			isa = XCBuildConfiguration;
			buildSettings = {
				ALWAYS_SEARCH_USER_PATHS = NO;
				CLANG_ANALYZER_NONNULL = YES;
				CLANG_ANALYZER_NUMBER_OBJECT_CONVERSION = YES_AGGRESSIVE;
				CLANG_CXX_LANGUAGE_STANDARD = "gnu++14";
				CLANG_CXX_LIBRARY = "libc++";
				CLANG_ENABLE_MODULES = YES;
				CLANG_ENABLE_OBJC_ARC = YES;
				CLANG_ENABLE_OBJC_WEAK = YES;
				CLANG_WARN_BLOCK_CAPTURE_AUTORELEASING = YES;
				CLANG_WARN_BOOL_CONVERSION = YES;
				CLANG_WARN_COMMA = YES;
				CLANG_WARN_CONSTANT_CONVERSION = YES;
				CLANG_WARN_DEPRECATED_OBJC_IMPLEMENTATIONS = YES;
				CLANG_WARN_DIRECT_OBJC_ISA_USAGE = YES_ERROR;
				CLANG_WARN_DOCUMENTATION_COMMENTS = YES;
				CLANG_WARN_EMPTY_BODY = YES;
				CLANG_WARN_ENUM_CONVERSION = YES;
				CLANG_WARN_INFINITE_RECURSION = YES;
				CLANG_WARN_INT_CONVERSION = YES;
				CLANG_WARN_NON_LITERAL_NULL_CONVERSION = YES;
				CLANG_WARN_OBJC_IMPLICIT_RETAIN_SELF = YES;
				CLANG_WARN_OBJC_LITERAL_CONVERSION = YES;
				CLANG_WARN_OBJC_ROOT_CLASS = YES_ERROR;
				CLANG_WARN_RANGE_LOOP_ANALYSIS = YES;
				CLANG_WARN_STRICT_PROTOTYPES = YES;
				CLANG_WARN_SUSPICIOUS_MOVE = YES;
				CLANG_WARN_UNGUARDED_AVAILABILITY = YES_AGGRESSIVE;
				CLANG_WARN_UNREACHABLE_CODE = YES;
				CLANG_WARN__DUPLICATE_METHOD_MATCH = YES;
				COPY_PHASE_STRIP = NO;
				DEBUG_INFORMATION_FORMAT = dwarf;
				ENABLE_STRICT_OBJC_MSGSEND = YES;
				ENABLE_TESTABILITY = YES;
				GCC_C_LANGUAGE_STANDARD = gnu11;
				GCC_DYNAMIC_NO_PIC = NO;
				GCC_NO_COMMON_BLOCKS = YES;
				GCC_OPTIMIZATION_LEVEL = 0;
				GCC_PREPROCESSOR_DEFINITIONS = (
					"DEBUG=1",
					"$(inherited)",
				);
				GCC_WARN_64_TO_32_BIT_CONVERSION = YES;
				GCC_WARN_ABOUT_RETURN_TYPE = YES_ERROR;
				GCC_WARN_UNDECLARED_SELECTOR = YES;
				GCC_WARN_UNINITIALIZED_AUTOS = YES_AGGRESSIVE;
				GCC_WARN_UNUSED_FUNCTION = YES;
				GCC_WARN_UNUSED_VARIABLE = YES;
				IPHONEOS_DEPLOYMENT_TARGET = 13.4;
				MTL_ENABLE_DEBUG_INFO = INCLUDE_SOURCE;
				MTL_FAST_MATH = YES;
				ONLY_ACTIVE_ARCH = YES;
				SDKROOT = iphoneos;
				SWIFT_ACTIVE_COMPILATION_CONDITIONS = DEBUG;
				SWIFT_OPTIMIZATION_LEVEL = "-Onone";
			};
			name = Debug;
		};
		7F42BB96262B738B008BCE37 /* Release */ = {
			isa = XCBuildConfiguration;
			buildSettings = {
				ALWAYS_SEARCH_USER_PATHS = NO;
				CLANG_ANALYZER_NONNULL = YES;
				CLANG_ANALYZER_NUMBER_OBJECT_CONVERSION = YES_AGGRESSIVE;
				CLANG_CXX_LANGUAGE_STANDARD = "gnu++14";
				CLANG_CXX_LIBRARY = "libc++";
				CLANG_ENABLE_MODULES = YES;
				CLANG_ENABLE_OBJC_ARC = YES;
				CLANG_ENABLE_OBJC_WEAK = YES;
				CLANG_WARN_BLOCK_CAPTURE_AUTORELEASING = YES;
				CLANG_WARN_BOOL_CONVERSION = YES;
				CLANG_WARN_COMMA = YES;
				CLANG_WARN_CONSTANT_CONVERSION = YES;
				CLANG_WARN_DEPRECATED_OBJC_IMPLEMENTATIONS = YES;
				CLANG_WARN_DIRECT_OBJC_ISA_USAGE = YES_ERROR;
				CLANG_WARN_DOCUMENTATION_COMMENTS = YES;
				CLANG_WARN_EMPTY_BODY = YES;
				CLANG_WARN_ENUM_CONVERSION = YES;
				CLANG_WARN_INFINITE_RECURSION = YES;
				CLANG_WARN_INT_CONVERSION = YES;
				CLANG_WARN_NON_LITERAL_NULL_CONVERSION = YES;
				CLANG_WARN_OBJC_IMPLICIT_RETAIN_SELF = YES;
				CLANG_WARN_OBJC_LITERAL_CONVERSION = YES;
				CLANG_WARN_OBJC_ROOT_CLASS = YES_ERROR;
				CLANG_WARN_RANGE_LOOP_ANALYSIS = YES;
				CLANG_WARN_STRICT_PROTOTYPES = YES;
				CLANG_WARN_SUSPICIOUS_MOVE = YES;
				CLANG_WARN_UNGUARDED_AVAILABILITY = YES_AGGRESSIVE;
				CLANG_WARN_UNREACHABLE_CODE = YES;
				CLANG_WARN__DUPLICATE_METHOD_MATCH = YES;
				COPY_PHASE_STRIP = NO;
				DEBUG_INFORMATION_FORMAT = "dwarf-with-dsym";
				ENABLE_NS_ASSERTIONS = NO;
				ENABLE_STRICT_OBJC_MSGSEND = YES;
				GCC_C_LANGUAGE_STANDARD = gnu11;
				GCC_NO_COMMON_BLOCKS = YES;
				GCC_WARN_64_TO_32_BIT_CONVERSION = YES;
				GCC_WARN_ABOUT_RETURN_TYPE = YES_ERROR;
				GCC_WARN_UNDECLARED_SELECTOR = YES;
				GCC_WARN_UNINITIALIZED_AUTOS = YES_AGGRESSIVE;
				GCC_WARN_UNUSED_FUNCTION = YES;
				GCC_WARN_UNUSED_VARIABLE = YES;
				IPHONEOS_DEPLOYMENT_TARGET = 13.4;
				MTL_ENABLE_DEBUG_INFO = NO;
				MTL_FAST_MATH = YES;
				SDKROOT = iphoneos;
				SWIFT_COMPILATION_MODE = wholemodule;
				SWIFT_OPTIMIZATION_LEVEL = "-O";
				VALIDATE_PRODUCT = YES;
			};
			name = Release;
		};
		7F42BB98262B738B008BCE37 /* Debug */ = {
			isa = XCBuildConfiguration;
			baseConfigurationReference = 9144F9D2D263662E23013070 /* Pods-sport.debug.xcconfig */;
			buildSettings = {
				ASSETCATALOG_COMPILER_APPICON_NAME = AppIcon;
				CODE_SIGN_STYLE = Automatic;
				INFOPLIST_FILE = sport/Info.plist;
				LD_RUNPATH_SEARCH_PATHS = (
					"$(inherited)",
					"@executable_path/Frameworks",
				);
				PRODUCT_BUNDLE_IDENTIFIER = iti.sport;
				PRODUCT_NAME = "$(TARGET_NAME)";
				SWIFT_VERSION = 5.0;
				TARGETED_DEVICE_FAMILY = "1,2";
			};
			name = Debug;
		};
		7F42BB99262B738B008BCE37 /* Release */ = {
			isa = XCBuildConfiguration;
			baseConfigurationReference = 9DBE8E3277025C00D367B0C4 /* Pods-sport.release.xcconfig */;
			buildSettings = {
				ASSETCATALOG_COMPILER_APPICON_NAME = AppIcon;
				CODE_SIGN_STYLE = Automatic;
				INFOPLIST_FILE = sport/Info.plist;
				LD_RUNPATH_SEARCH_PATHS = (
					"$(inherited)",
					"@executable_path/Frameworks",
				);
				PRODUCT_BUNDLE_IDENTIFIER = iti.sport;
				PRODUCT_NAME = "$(TARGET_NAME)";
				SWIFT_VERSION = 5.0;
				TARGETED_DEVICE_FAMILY = "1,2";
			};
			name = Release;
		};
		7F42BB9B262B738B008BCE37 /* Debug */ = {
			isa = XCBuildConfiguration;
			buildSettings = {
				ALWAYS_EMBED_SWIFT_STANDARD_LIBRARIES = YES;
				BUNDLE_LOADER = "$(TEST_HOST)";
				CODE_SIGN_STYLE = Automatic;
				INFOPLIST_FILE = sportTests/Info.plist;
				IPHONEOS_DEPLOYMENT_TARGET = 13.4;
				LD_RUNPATH_SEARCH_PATHS = (
					"$(inherited)",
					"@executable_path/Frameworks",
					"@loader_path/Frameworks",
				);
				PRODUCT_BUNDLE_IDENTIFIER = iti.sportTests;
				PRODUCT_NAME = "$(TARGET_NAME)";
				SWIFT_VERSION = 5.0;
				TARGETED_DEVICE_FAMILY = "1,2";
				TEST_HOST = "$(BUILT_PRODUCTS_DIR)/sport.app/sport";
			};
			name = Debug;
		};
		7F42BB9C262B738B008BCE37 /* Release */ = {
			isa = XCBuildConfiguration;
			buildSettings = {
				ALWAYS_EMBED_SWIFT_STANDARD_LIBRARIES = YES;
				BUNDLE_LOADER = "$(TEST_HOST)";
				CODE_SIGN_STYLE = Automatic;
				INFOPLIST_FILE = sportTests/Info.plist;
				IPHONEOS_DEPLOYMENT_TARGET = 13.4;
				LD_RUNPATH_SEARCH_PATHS = (
					"$(inherited)",
					"@executable_path/Frameworks",
					"@loader_path/Frameworks",
				);
				PRODUCT_BUNDLE_IDENTIFIER = iti.sportTests;
				PRODUCT_NAME = "$(TARGET_NAME)";
				SWIFT_VERSION = 5.0;
				TARGETED_DEVICE_FAMILY = "1,2";
				TEST_HOST = "$(BUILT_PRODUCTS_DIR)/sport.app/sport";
			};
			name = Release;
		};
		7F42BB9E262B738B008BCE37 /* Debug */ = {
			isa = XCBuildConfiguration;
			buildSettings = {
				ALWAYS_EMBED_SWIFT_STANDARD_LIBRARIES = YES;
				CODE_SIGN_STYLE = Automatic;
				INFOPLIST_FILE = sportUITests/Info.plist;
				LD_RUNPATH_SEARCH_PATHS = (
					"$(inherited)",
					"@executable_path/Frameworks",
					"@loader_path/Frameworks",
				);
				PRODUCT_BUNDLE_IDENTIFIER = iti.sportUITests;
				PRODUCT_NAME = "$(TARGET_NAME)";
				SWIFT_VERSION = 5.0;
				TARGETED_DEVICE_FAMILY = "1,2";
				TEST_TARGET_NAME = sport;
			};
			name = Debug;
		};
		7F42BB9F262B738B008BCE37 /* Release */ = {
			isa = XCBuildConfiguration;
			buildSettings = {
				ALWAYS_EMBED_SWIFT_STANDARD_LIBRARIES = YES;
				CODE_SIGN_STYLE = Automatic;
				INFOPLIST_FILE = sportUITests/Info.plist;
				LD_RUNPATH_SEARCH_PATHS = (
					"$(inherited)",
					"@executable_path/Frameworks",
					"@loader_path/Frameworks",
				);
				PRODUCT_BUNDLE_IDENTIFIER = iti.sportUITests;
				PRODUCT_NAME = "$(TARGET_NAME)";
				SWIFT_VERSION = 5.0;
				TARGETED_DEVICE_FAMILY = "1,2";
				TEST_TARGET_NAME = sport;
			};
			name = Release;
		};
/* End XCBuildConfiguration section */

/* Begin XCConfigurationList section */
		7F42BB65262B7384008BCE37 /* Build configuration list for PBXProject "sport" */ = {
			isa = XCConfigurationList;
			buildConfigurations = (
				7F42BB95262B738B008BCE37 /* Debug */,
				7F42BB96262B738B008BCE37 /* Release */,
			);
			defaultConfigurationIsVisible = 0;
			defaultConfigurationName = Release;
		};
		7F42BB97262B738B008BCE37 /* Build configuration list for PBXNativeTarget "sport" */ = {
			isa = XCConfigurationList;
			buildConfigurations = (
				7F42BB98262B738B008BCE37 /* Debug */,
				7F42BB99262B738B008BCE37 /* Release */,
			);
			defaultConfigurationIsVisible = 0;
			defaultConfigurationName = Release;
		};
		7F42BB9A262B738B008BCE37 /* Build configuration list for PBXNativeTarget "sportTests" */ = {
			isa = XCConfigurationList;
			buildConfigurations = (
				7F42BB9B262B738B008BCE37 /* Debug */,
				7F42BB9C262B738B008BCE37 /* Release */,
			);
			defaultConfigurationIsVisible = 0;
			defaultConfigurationName = Release;
		};
		7F42BB9D262B738B008BCE37 /* Build configuration list for PBXNativeTarget "sportUITests" */ = {
			isa = XCConfigurationList;
			buildConfigurations = (
				7F42BB9E262B738B008BCE37 /* Debug */,
				7F42BB9F262B738B008BCE37 /* Release */,
			);
			defaultConfigurationIsVisible = 0;
			defaultConfigurationName = Release;
		};
/* End XCConfigurationList section */

/* Begin XCVersionGroup section */
		7F42BB76262B7385008BCE37 /* sport.xcdatamodeld */ = {
			isa = XCVersionGroup;
			children = (
				7F42BB77262B7385008BCE37 /* sport.xcdatamodel */,
			);
			currentVersion = 7F42BB77262B7385008BCE37 /* sport.xcdatamodel */;
			path = sport.xcdatamodeld;
			sourceTree = "<group>";
			versionGroupType = wrapper.xcdatamodel;
		};
/* End XCVersionGroup section */
	};
	rootObject = 7F42BB62262B7384008BCE37 /* Project object */;
}
